{
  "name": "vocabhelper",
  "version": "1.0.0",
  "lockfileVersion": 3,
  "requires": true,
  "packages": {
    "": {
      "name": "vocabhelper",
      "version": "1.0.0",
      "license": "MIT",
      "dependencies": {
        "csshake": "^1.7.0"
      }
    },
    "node_modules/csshake": {
      "version": "1.7.0",
      "resolved": "https://registry.npmjs.org/csshake/-/csshake-1.7.0.tgz",
      "integrity": "sha512-J8YPxrFmhNCK/sgoiWwbPDmUPramnEts8E9OZ6hdfh8z5wDjdIfVH0VgUz8HU5px5JpyLgnvPon6L3cmGef8TA=="
    }
  }
}
